{
  "requires": true,
  "lockfileVersion": 1,
  "dependencies": {
    "es6-promise": {
      "version": "1.0.0",
      "resolved": "https://registry.npm.taobao.org/es6-promise/download/es6-promise-1.0.0.tgz",
      "integrity": "sha1-+Q02KfqnwmFmrk33fIm6zeuNyn8="
    },
    "jquery": {
      "version": "3.4.1",
      "resolved": "https://registry.npm.taobao.org/jquery/download/jquery-3.4.1.tgz?cache=0&other_urls=https%3A%2F%2Fregistry.npm.taobao.org%2Fjquery%2Fdownload%2Fjquery-3.4.1.tgz",
      "integrity": "sha1-cU8fjZ3eS9+lV2S6N+8hRjDYDvI="
    },
    "js-sha1": {
      "version": "0.6.0",
      "resolved": "https://registry.npm.taobao.org/js-sha1/download/js-sha1-0.6.0.tgz",
      "integrity": "sha1-rb7hDw6OGKoHzeqAfPCOkYPbx/k="
    },
    "moment": {
      "version": "2.24.0",
      "resolved": "http://registry.npm.taobao.org/moment/download/moment-2.24.0.tgz?cache=0&other_urls=http%3A%2F%2Fregistry.npm.taobao.org%2Fmoment%2Fdownload%2Fmoment-2.24.0.tgz",
      "integrity": "sha1-DQVdU/UFKqZTyfbraLtdEr9cK1s="
    },
    "sticky": {
      "version": "0.8.0",
      "resolved": "https://registry.npm.taobao.org/sticky/download/sticky-0.8.0.tgz",
      "integrity": "sha1-CdQX/R75wBnKijsCGY6my+MbI44=",
      "requires": {
        "es6-promise": "^1.0.0",
        "moment": "^2.6.0",
        "typemap": "^1.1.0",
        "underscore": "^1.6.0"
      }
    },
    "typemap": {
      "version": "1.1.0",
      "resolved": "https://registry.npm.taobao.org/typemap/download/typemap-1.1.0.tgz",
      "integrity": "sha1-4OyLJ8D9dtBYvD0ihxmcmbUDwoU="
    },
    "underscore": {
      "version": "1.9.2",
      "resolved": "https://registry.npm.taobao.org/underscore/download/underscore-1.9.2.tgz",
      "integrity": "sha1-DI1vU21vN4pa8mSnL3vsUP63zy8="
    }
  }
}
